
Microsoft Visual Studio Solution File, Format Version 12.00
# Visual Studio Version 17
VisualStudioVersion = 17.8.34525.116
MinimumVisualStudioVersion = 10.0.40219.1
Project("{FAE04EC0-301F-11D3-BF4B-00C04F79EFBC}") = "UserManagementApi", "UserManagementApi\UserManagementApi.csproj", "{1FE6EE14-107B-417C-8F5D-833FB23AB3A4}"
EndProject
Project("{FAE04EC0-301F-11D3-BF4B-00C04F79EFBC}") = "DataAccess", "DataAccess\DataAccess.csproj", "{D5716CD5-F003-4279-9885-0DB5E23842CE}"
EndProject
Project("{FAE04EC0-301F-11D3-BF4B-00C04F79EFBC}") = "UserManagementApi.Tests", "UserManagementApi.Tests\UserManagementApi.Tests.csproj", "{0064AFC9-64BD-4A52-9BEA-DB1B0F39A979}"
EndProject
Global
	GlobalSection(SolutionConfigurationPlatforms) = preSolution
		Debug|Any CPU = Debug|Any CPU
		Release|Any CPU = Release|Any CPU
	EndGlobalSection
	GlobalSection(ProjectConfigurationPlatforms) = postSolution
		{1FE6EE14-107B-417C-8F5D-833FB23AB3A4}.Debug|Any CPU.ActiveCfg = Debug|Any CPU
		{1FE6EE14-107B-417C-8F5D-833FB23AB3A4}.Debug|Any CPU.Build.0 = Debug|Any CPU
		{1FE6EE14-107B-417C-8F5D-833FB23AB3A4}.Release|Any CPU.ActiveCfg = Release|Any CPU
		{1FE6EE14-107B-417C-8F5D-833FB23AB3A4}.Release|Any CPU.Build.0 = Release|Any CPU
		{D5716CD5-F003-4279-9885-0DB5E23842CE}.Debug|Any CPU.ActiveCfg = Debug|Any CPU
		{D5716CD5-F003-4279-9885-0DB5E23842CE}.Debug|Any CPU.Build.0 = Debug|Any CPU
		{D5716CD5-F003-4279-9885-0DB5E23842CE}.Release|Any CPU.ActiveCfg = Release|Any CPU
		{D5716CD5-F003-4279-9885-0DB5E23842CE}.Release|Any CPU.Build.0 = Release|Any CPU
		{0064AFC9-64BD-4A52-9BEA-DB1B0F39A979}.Debug|Any CPU.ActiveCfg = Debug|Any CPU
		{0064AFC9-64BD-4A52-9BEA-DB1B0F39A979}.Debug|Any CPU.Build.0 = Debug|Any CPU
		{0064AFC9-64BD-4A52-9BEA-DB1B0F39A979}.Release|Any CPU.ActiveCfg = Release|Any CPU
		{0064AFC9-64BD-4A52-9BEA-DB1B0F39A979}.Release|Any CPU.Build.0 = Release|Any CPU
	EndGlobalSection
	GlobalSection(SolutionProperties) = preSolution
		HideSolutionNode = FALSE
	EndGlobalSection
	GlobalSection(ExtensibilityGlobals) = postSolution
		SolutionGuid = {868695D8-B8C7-433B-93F9-A4652495D503}
	EndGlobalSection
EndGlobal
